Microsoft Visual Studio Solution File, Format Version 12.00
# Visual Studio 15
VisualStudioVersion = 15.0.27130.2010
MinimumVisualStudioVersion = 10.0.40219.1
Project("{FAE04EC0-301F-11D3-BF4B-00C04F79EFBC}") = "kinnect", "kinnect\kinnect.csproj", "{90AAB229-1301-4554-ACF4-9F339C451EE8}"
EndProject
Project("{FAE04EC0-301F-11D3-BF4B-00C04F79EFBC}") = "kinnect.iOS", "iOS\kinnect.iOS.csproj", "{4CB1EBBE-0755-41C1-ADFF-DD699B823D5D}"
EndProject
Project("{FAE04EC0-301F-11D3-BF4B-00C04F79EFBC}") = "kinnect.Droid", "Droid\kinnect.Droid.csproj", "{9FBEABD9-A266-4C7A-8738-7899551ADABE}"
EndProject
Global
	GlobalSection(SolutionConfigurationPlatforms) = preSolution
		Ad-Hoc|Any CPU = Ad-Hoc|Any CPU
		Ad-Hoc|ARM = Ad-Hoc|ARM
		Ad-Hoc|iPhone = Ad-Hoc|iPhone
		Ad-Hoc|iPhoneSimulator = Ad-Hoc|iPhoneSimulator
		Ad-Hoc|x64 = Ad-Hoc|x64
		Ad-Hoc|x86 = Ad-Hoc|x86
		AppStore|Any CPU = AppStore|Any CPU
		AppStore|ARM = AppStore|ARM
		AppStore|iPhone = AppStore|iPhone
		AppStore|iPhoneSimulator = AppStore|iPhoneSimulator
		AppStore|x64 = AppStore|x64
		AppStore|x86 = AppStore|x86
		Debug|Any CPU = Debug|Any CPU
		Debug|ARM = Debug|ARM
		Debug|iPhone = Debug|iPhone
		Debug|iPhoneSimulator = Debug|iPhoneSimulator
		Debug|x64 = Debug|x64
		Debug|x86 = Debug|x86
		Release|Any CPU = Release|Any CPU
		Release|ARM = Release|ARM
		Release|iPhone = Release|iPhone
		Release|iPhoneSimulator = Release|iPhoneSimulator
		Release|x64 = Release|x64
		Release|x86 = Release|x86
	EndGlobalSection
	GlobalSection(ProjectConfigurationPlatforms) = postSolution
		{90AAB229-1301-4554-ACF4-9F339C451EE8}.Ad-Hoc|Any CPU.ActiveCfg = Release|Any CPU
		{90AAB229-1301-4554-ACF4-9F339C451EE8}.Ad-Hoc|Any CPU.Build.0 = Release|Any CPU
		{90AAB229-1301-4554-ACF4-9F339C451EE8}.Ad-Hoc|ARM.ActiveCfg = Release|Any CPU
		{90AAB229-1301-4554-ACF4-9F339C451EE8}.Ad-Hoc|ARM.Build.0 = Release|Any CPU
		{90AAB229-1301-4554-ACF4-9F339C451EE8}.Ad-Hoc|iPhone.ActiveCfg = Release|Any CPU
		{90AAB229-1301-4554-ACF4-9F339C451EE8}.Ad-Hoc|iPhone.Build.0 = Release|Any CPU
		{90AAB229-1301-4554-ACF4-9F339C451EE8}.Ad-Hoc|iPhoneSimulator.ActiveCfg = Release|Any CPU
		{90AAB229-1301-4554-ACF4-9F339C451EE8}.Ad-Hoc|iPhoneSimulator.Build.0 = Release|Any CPU
		{90AAB229-1301-4554-ACF4-9F339C451EE8}.Ad-Hoc|x64.ActiveCfg = Release|Any CPU
		{90AAB229-1301-4554-ACF4-9F339C451EE8}.Ad-Hoc|x64.Build.0 = Release|Any CPU
		{90AAB229-1301-4554-ACF4-9F339C451EE8}.Ad-Hoc|x86.ActiveCfg = Release|Any CPU
		{90AAB229-1301-4554-ACF4-9F339C451EE8}.Ad-Hoc|x86.Build.0 = Release|Any CPU
		{90AAB229-1301-4554-ACF4-9F339C451EE8}.AppStore|Any CPU.ActiveCfg = Release|Any CPU
		{90AAB229-1301-4554-ACF4-9F339C451EE8}.AppStore|Any CPU.Build.0 = Release|Any CPU
		{90AAB229-1301-4554-ACF4-9F339C451EE8}.AppStore|ARM.ActiveCfg = Release|Any CPU
		{90AAB229-1301-4554-ACF4-9F339C451EE8}.AppStore|ARM.Build.0 = Release|Any CPU
		{90AAB229-1301-4554-ACF4-9F339C451EE8}.AppStore|iPhone.ActiveCfg = Release|Any CPU
		{90AAB229-1301-4554-ACF4-9F339C451EE8}.AppStore|iPhone.Build.0 = Release|Any CPU
		{90AAB229-1301-4554-ACF4-9F339C451EE8}.AppStore|iPhoneSimulator.ActiveCfg = Release|Any CPU
		{90AAB229-1301-4554-ACF4-9F339C451EE8}.AppStore|iPhoneSimulator.Build.0 = Release|Any CPU
		{90AAB229-1301-4554-ACF4-9F339C451EE8}.AppStore|x64.ActiveCfg = Release|Any CPU
		{90AAB229-1301-4554-ACF4-9F339C451EE8}.AppStore|x64.Build.0 = Release|Any CPU
		{90AAB229-1301-4554-ACF4-9F339C451EE8}.AppStore|x86.ActiveCfg = Release|Any CPU
		{90AAB229-1301-4554-ACF4-9F339C451EE8}.AppStore|x86.Build.0 = Release|Any CPU
		{90AAB229-1301-4554-ACF4-9F339C451EE8}.Debug|Any CPU.ActiveCfg = Debug|Any CPU
		{90AAB229-1301-4554-ACF4-9F339C451EE8}.Debug|Any CPU.Build.0 = Debug|Any CPU
		{90AAB229-1301-4554-ACF4-9F339C451EE8}.Debug|ARM.ActiveCfg = Debug|Any CPU
		{90AAB229-1301-4554-ACF4-9F339C451EE8}.Debug|ARM.Build.0 = Debug|Any CPU
		{90AAB229-1301-4554-ACF4-9F339C451EE8}.Debug|iPhone.ActiveCfg = Debug|Any CPU
		{90AAB229-1301-4554-ACF4-9F339C451EE8}.Debug|iPhone.Build.0 = Debug|Any CPU
		{90AAB229-1301-4554-ACF4-9F339C451EE8}.Debug|iPhoneSimulator.ActiveCfg = Debug|Any CPU
		{90AAB229-1301-4554-ACF4-9F339C451EE8}.Debug|iPhoneSimulator.Build.0 = Debug|Any CPU
		{90AAB229-1301-4554-ACF4-9F339C451EE8}.Debug|x64.ActiveCfg = Debug|Any CPU
		{90AAB229-1301-4554-ACF4-9F339C451EE8}.Debug|x64.Build.0 = Debug|Any CPU
		{90AAB229-1301-4554-ACF4-9F339C451EE8}.Debug|x86.ActiveCfg = Debug|Any CPU
		{90AAB229-1301-4554-ACF4-9F339C451EE8}.Debug|x86.Build.0 = Debug|Any CPU
		{90AAB229-1301-4554-ACF4-9F339C451EE8}.Release|Any CPU.ActiveCfg = Release|Any CPU
		{90AAB229-1301-4554-ACF4-9F339C451EE8}.Release|Any CPU.Build.0 = Release|Any CPU
		{90AAB229-1301-4554-ACF4-9F339C451EE8}.Release|ARM.ActiveCfg = Release|Any CPU
		{90AAB229-1301-4554-ACF4-9F339C451EE8}.Release|ARM.Build.0 = Release|Any CPU
		{90AAB229-1301-4554-ACF4-9F339C451EE8}.Release|iPhone.ActiveCfg = Release|Any CPU
		{90AAB229-1301-4554-ACF4-9F339C451EE8}.Release|iPhone.Build.0 = Release|Any CPU
		{90AAB229-1301-4554-ACF4-9F339C451EE8}.Release|iPhoneSimulator.ActiveCfg = Release|Any CPU
		{90AAB229-1301-4554-ACF4-9F339C451EE8}.Release|iPhoneSimulator.Build.0 = Release|Any CPU
		{90AAB229-1301-4554-ACF4-9F339C451EE8}.Release|x64.ActiveCfg = Release|Any CPU
		{90AAB229-1301-4554-ACF4-9F339C451EE8}.Release|x64.Build.0 = Release|Any CPU
		{90AAB229-1301-4554-ACF4-9F339C451EE8}.Release|x86.ActiveCfg = Release|Any CPU
		{90AAB229-1301-4554-ACF4-9F339C451EE8}.Release|x86.Build.0 = Release|Any CPU
		{4CB1EBBE-0755-41C1-ADFF-DD699B823D5D}.Ad-Hoc|Any CPU.ActiveCfg = Release|iPhoneSimulator
		{4CB1EBBE-0755-41C1-ADFF-DD699B823D5D}.Ad-Hoc|Any CPU.Build.0 = Release|iPhoneSimulator
		{4CB1EBBE-0755-41C1-ADFF-DD699B823D5D}.Ad-Hoc|ARM.ActiveCfg = Release|iPhoneSimulator
		{4CB1EBBE-0755-41C1-ADFF-DD699B823D5D}.Ad-Hoc|ARM.Build.0 = Release|iPhoneSimulator
		{4CB1EBBE-0755-41C1-ADFF-DD699B823D5D}.Ad-Hoc|iPhone.ActiveCfg = Release|iPhone
		{4CB1EBBE-0755-41C1-ADFF-DD699B823D5D}.Ad-Hoc|iPhone.Build.0 = Release|iPhone
		{4CB1EBBE-0755-41C1-ADFF-DD699B823D5D}.Ad-Hoc|iPhoneSimulator.ActiveCfg = Release|iPhoneSimulator
		{4CB1EBBE-0755-41C1-ADFF-DD699B823D5D}.Ad-Hoc|iPhoneSimulator.Build.0 = Release|iPhoneSimulator
		{4CB1EBBE-0755-41C1-ADFF-DD699B823D5D}.Ad-Hoc|x64.ActiveCfg = Release|iPhoneSimulator
		{4CB1EBBE-0755-41C1-ADFF-DD699B823D5D}.Ad-Hoc|x64.Build.0 = Release|iPhoneSimulator
		{4CB1EBBE-0755-41C1-ADFF-DD699B823D5D}.Ad-Hoc|x86.ActiveCfg = Release|iPhoneSimulator
		{4CB1EBBE-0755-41C1-ADFF-DD699B823D5D}.Ad-Hoc|x86.Build.0 = Release|iPhoneSimulator
		{4CB1EBBE-0755-41C1-ADFF-DD699B823D5D}.AppStore|Any CPU.ActiveCfg = Release|iPhoneSimulator
		{4CB1EBBE-0755-41C1-ADFF-DD699B823D5D}.AppStore|Any CPU.Build.0 = Release|iPhoneSimulator
		{4CB1EBBE-0755-41C1-ADFF-DD699B823D5D}.AppStore|ARM.ActiveCfg = Release|iPhoneSimulator
		{4CB1EBBE-0755-41C1-ADFF-DD699B823D5D}.AppStore|ARM.Build.0 = Release|iPhoneSimulator
		{4CB1EBBE-0755-41C1-ADFF-DD699B823D5D}.AppStore|iPhone.ActiveCfg = Release|iPhone
		{4CB1EBBE-0755-41C1-ADFF-DD699B823D5D}.AppStore|iPhone.Build.0 = Release|iPhone
		{4CB1EBBE-0755-41C1-ADFF-DD699B823D5D}.AppStore|iPhoneSimulator.ActiveCfg = Release|iPhoneSimulator
		{4CB1EBBE-0755-41C1-ADFF-DD699B823D5D}.AppStore|iPhoneSimulator.Build.0 = Release|iPhoneSimulator
		{4CB1EBBE-0755-41C1-ADFF-DD699B823D5D}.AppStore|x64.ActiveCfg = Release|iPhoneSimulator
		{4CB1EBBE-0755-41C1-ADFF-DD699B823D5D}.AppStore|x64.Build.0 = Release|iPhoneSimulator
		{4CB1EBBE-0755-41C1-ADFF-DD699B823D5D}.AppStore|x86.ActiveCfg = Release|iPhoneSimulator
		{4CB1EBBE-0755-41C1-ADFF-DD699B823D5D}.AppStore|x86.Build.0 = Release|iPhoneSimulator
		{4CB1EBBE-0755-41C1-ADFF-DD699B823D5D}.Debug|Any CPU.ActiveCfg = Debug|iPhoneSimulator
		{4CB1EBBE-0755-41C1-ADFF-DD699B823D5D}.Debug|Any CPU.Build.0 = Debug|iPhoneSimulator
		{4CB1EBBE-0755-41C1-ADFF-DD699B823D5D}.Debug|ARM.ActiveCfg = Debug|iPhone
		{4CB1EBBE-0755-41C1-ADFF-DD699B823D5D}.Debug|iPhone.ActiveCfg = Debug|iPhone
		{4CB1EBBE-0755-41C1-ADFF-DD699B823D5D}.Debug|iPhone.Build.0 = Debug|iPhone
		{4CB1EBBE-0755-41C1-ADFF-DD699B823D5D}.Debug|iPhoneSimulator.ActiveCfg = Debug|iPhoneSimulator
		{4CB1EBBE-0755-41C1-ADFF-DD699B823D5D}.Debug|iPhoneSimulator.Build.0 = Debug|iPhoneSimulator
		{4CB1EBBE-0755-41C1-ADFF-DD699B823D5D}.Debug|x64.ActiveCfg = Debug|iPhone
		{4CB1EBBE-0755-41C1-ADFF-DD699B823D5D}.Debug|x86.ActiveCfg = Debug|iPhone
		{4CB1EBBE-0755-41C1-ADFF-DD699B823D5D}.Release|Any CPU.ActiveCfg = Release|iPhone
		{4CB1EBBE-0755-41C1-ADFF-DD699B823D5D}.Release|Any CPU.Build.0 = Release|iPhone
		{4CB1EBBE-0755-41C1-ADFF-DD699B823D5D}.Release|ARM.ActiveCfg = Release|iPhoneSimulator
		{4CB1EBBE-0755-41C1-ADFF-DD699B823D5D}.Release|iPhone.ActiveCfg = Release|iPhone
		{4CB1EBBE-0755-41C1-ADFF-DD699B823D5D}.Release|iPhone.Build.0 = Release|iPhone
		{4CB1EBBE-0755-41C1-ADFF-DD699B823D5D}.Release|iPhoneSimulator.ActiveCfg = Release|iPhoneSimulator
		{4CB1EBBE-0755-41C1-ADFF-DD699B823D5D}.Release|iPhoneSimulator.Build.0 = Release|iPhoneSimulator
		{4CB1EBBE-0755-41C1-ADFF-DD699B823D5D}.Release|x64.ActiveCfg = Release|iPhoneSimulator
		{4CB1EBBE-0755-41C1-ADFF-DD699B823D5D}.Release|x86.ActiveCfg = Release|iPhoneSimulator
		{9FBEABD9-A266-4C7A-8738-7899551ADABE}.Ad-Hoc|Any CPU.ActiveCfg = Release|Any CPU
		{9FBEABD9-A266-4C7A-8738-7899551ADABE}.Ad-Hoc|Any CPU.Build.0 = Release|Any CPU
		{9FBEABD9-A266-4C7A-8738-7899551ADABE}.Ad-Hoc|Any CPU.Deploy.0 = Release|Any CPU
		{9FBEABD9-A266-4C7A-8738-7899551ADABE}.Ad-Hoc|ARM.ActiveCfg = Release|Any CPU
		{9FBEABD9-A266-4C7A-8738-7899551ADABE}.Ad-Hoc|ARM.Build.0 = Release|Any CPU
		{9FBEABD9-A266-4C7A-8738-7899551ADABE}.Ad-Hoc|ARM.Deploy.0 = Release|Any CPU
		{9FBEABD9-A266-4C7A-8738-7899551ADABE}.Ad-Hoc|iPhone.ActiveCfg = Release|Any CPU
		{9FBEABD9-A266-4C7A-8738-7899551ADABE}.Ad-Hoc|iPhone.Build.0 = Release|Any CPU
		{9FBEABD9-A266-4C7A-8738-7899551ADABE}.Ad-Hoc|iPhone.Deploy.0 = Release|Any CPU
		{9FBEABD9-A266-4C7A-8738-7899551ADABE}.Ad-Hoc|iPhoneSimulator.ActiveCfg = Release|Any CPU
		{9FBEABD9-A266-4C7A-8738-7899551ADABE}.Ad-Hoc|iPhoneSimulator.Build.0 = Release|Any CPU
		{9FBEABD9-A266-4C7A-8738-7899551ADABE}.Ad-Hoc|iPhoneSimulator.Deploy.0 = Release|Any CPU
		{9FBEABD9-A266-4C7A-8738-7899551ADABE}.Ad-Hoc|x64.ActiveCfg = Release|Any CPU
		{9FBEABD9-A266-4C7A-8738-7899551ADABE}.Ad-Hoc|x64.Build.0 = Release|Any CPU
		{9FBEABD9-A266-4C7A-8738-7899551ADABE}.Ad-Hoc|x64.Deploy.0 = Release|Any CPU
		{9FBEABD9-A266-4C7A-8738-7899551ADABE}.Ad-Hoc|x86.ActiveCfg = Release|Any CPU
		{9FBEABD9-A266-4C7A-8738-7899551ADABE}.Ad-Hoc|x86.Build.0 = Release|Any CPU
		{9FBEABD9-A266-4C7A-8738-7899551ADABE}.Ad-Hoc|x86.Deploy.0 = Release|Any CPU
		{9FBEABD9-A266-4C7A-8738-7899551ADABE}.AppStore|Any CPU.ActiveCfg = Release|Any CPU
		{9FBEABD9-A266-4C7A-8738-7899551ADABE}.AppStore|Any CPU.Build.0 = Release|Any CPU
		{9FBEABD9-A266-4C7A-8738-7899551ADABE}.AppStore|Any CPU.Deploy.0 = Release|Any CPU
		{9FBEABD9-A266-4C7A-8738-7899551ADABE}.AppStore|ARM.ActiveCfg = Release|Any CPU
		{9FBEABD9-A266-4C7A-8738-7899551ADABE}.AppStore|ARM.Build.0 = Release|Any CPU
		{9FBEABD9-A266-4C7A-8738-7899551ADABE}.AppStore|ARM.Deploy.0 = Release|Any CPU
		{9FBEABD9-A266-4C7A-8738-7899551ADABE}.AppStore|iPhone.ActiveCfg = Release|Any CPU
		{9FBEABD9-A266-4C7A-8738-7899551ADABE}.AppStore|iPhone.Build.0 = Release|Any CPU
		{9FBEABD9-A266-4C7A-8738-7899551ADABE}.AppStore|iPhone.Deploy.0 = Release|Any CPU
		{9FBEABD9-A266-4C7A-8738-7899551ADABE}.AppStore|iPhoneSimulator.ActiveCfg = Release|Any CPU
		{9FBEABD9-A266-4C7A-8738-7899551ADABE}.AppStore|iPhoneSimulator.Build.0 = Release|Any CPU
		{9FBEABD9-A266-4C7A-8738-7899551ADABE}.AppStore|iPhoneSimulator.Deploy.0 = Release|Any CPU
		{9FBEABD9-A266-4C7A-8738-7899551ADABE}.AppStore|x64.ActiveCfg = Release|Any CPU
		{9FBEABD9-A266-4C7A-8738-7899551ADABE}.AppStore|x64.Build.0 = Release|Any CPU
		{9FBEABD9-A266-4C7A-8738-7899551ADABE}.AppStore|x64.Deploy.0 = Release|Any CPU
		{9FBEABD9-A266-4C7A-8738-7899551ADABE}.AppStore|x86.ActiveCfg = Release|Any CPU
		{9FBEABD9-A266-4C7A-8738-7899551ADABE}.AppStore|x86.Build.0 = Release|Any CPU
		{9FBEABD9-A266-4C7A-8738-7899551ADABE}.AppStore|x86.Deploy.0 = Release|Any CPU
		{9FBEABD9-A266-4C7A-8738-7899551ADABE}.Debug|Any CPU.ActiveCfg = Debug|Any CPU
		{9FBEABD9-A266-4C7A-8738-7899551ADABE}.Debug|Any CPU.Build.0 = Debug|Any CPU
		{9FBEABD9-A266-4C7A-8738-7899551ADABE}.Debug|Any CPU.Deploy.0 = Debug|Any CPU
		{9FBEABD9-A266-4C7A-8738-7899551ADABE}.Debug|ARM.ActiveCfg = Debug|Any CPU
		{9FBEABD9-A266-4C7A-8738-7899551ADABE}.Debug|ARM.Build.0 = Debug|Any CPU
		{9FBEABD9-A266-4C7A-8738-7899551ADABE}.Debug|ARM.Deploy.0 = Debug|Any CPU
		{9FBEABD9-A266-4C7A-8738-7899551ADABE}.Debug|iPhone.ActiveCfg = Debug|Any CPU
		{9FBEABD9-A266-4C7A-8738-7899551ADABE}.Debug|iPhone.Build.0 = Debug|Any CPU
		{9FBEABD9-A266-4C7A-8738-7899551ADABE}.Debug|iPhoneSimulator.ActiveCfg = Debug|Any CPU
		{9FBEABD9-A266-4C7A-8738-7899551ADABE}.Debug|iPhoneSimulator.Build.0 = Debug|Any CPU
		{9FBEABD9-A266-4C7A-8738-7899551ADABE}.Debug|x64.ActiveCfg = Debug|Any CPU
		{9FBEABD9-A266-4C7A-8738-7899551ADABE}.Debug|x64.Build.0 = Debug|Any CPU
		{9FBEABD9-A266-4C7A-8738-7899551ADABE}.Debug|x64.Deploy.0 = Debug|Any CPU
		{9FBEABD9-A266-4C7A-8738-7899551ADABE}.Debug|x86.ActiveCfg = Debug|Any CPU
		{9FBEABD9-A266-4C7A-8738-7899551ADABE}.Debug|x86.Build.0 = Debug|Any CPU
		{9FBEABD9-A266-4C7A-8738-7899551ADABE}.Debug|x86.Deploy.0 = Debug|Any CPU
		{9FBEABD9-A266-4C7A-8738-7899551ADABE}.Release|Any CPU.ActiveCfg = Release|Any CPU
		{9FBEABD9-A266-4C7A-8738-7899551ADABE}.Release|Any CPU.Build.0 = Release|Any CPU
		{9FBEABD9-A266-4C7A-8738-7899551ADABE}.Release|ARM.ActiveCfg = Release|Any CPU
		{9FBEABD9-A266-4C7A-8738-7899551ADABE}.Release|ARM.Build.0 = Release|Any CPU
		{9FBEABD9-A266-4C7A-8738-7899551ADABE}.Release|ARM.Deploy.0 = Release|Any CPU
		{9FBEABD9-A266-4C7A-8738-7899551ADABE}.Release|iPhone.ActiveCfg = Release|Any CPU
		{9FBEABD9-A266-4C7A-8738-7899551ADABE}.Release|iPhone.Build.0 = Release|Any CPU
		{9FBEABD9-A266-4C7A-8738-7899551ADABE}.Release|iPhoneSimulator.ActiveCfg = Release|Any CPU
		{9FBEABD9-A266-4C7A-8738-7899551ADABE}.Release|iPhoneSimulator.Build.0 = Release|Any CPU
		{9FBEABD9-A266-4C7A-8738-7899551ADABE}.Release|x64.ActiveCfg = Release|Any CPU
		{9FBEABD9-A266-4C7A-8738-7899551ADABE}.Release|x64.Build.0 = Release|Any CPU
		{9FBEABD9-A266-4C7A-8738-7899551ADABE}.Release|x64.Deploy.0 = Release|Any CPU
		{9FBEABD9-A266-4C7A-8738-7899551ADABE}.Release|x86.ActiveCfg = Release|Any CPU
		{9FBEABD9-A266-4C7A-8738-7899551ADABE}.Release|x86.Build.0 = Release|Any CPU
		{9FBEABD9-A266-4C7A-8738-7899551ADABE}.Release|x86.Deploy.0 = Release|Any CPU
	EndGlobalSection
	GlobalSection(SolutionProperties) = preSolution
		HideSolutionNode = FALSE
	EndGlobalSection
	GlobalSection(ExtensibilityGlobals) = postSolution
		SolutionGuid = {83D155F6-5CE2-47FD-9EF4-4995C028CDF0}
	EndGlobalSection
EndGlobal
